{
    "packages": [
        {
            "name": "phpunit/phpunit",
            "version": "9.5.10",
            "source": {
                "type": "git",
                "url": "https://github.com/sebastianbergmann/phpunit.git",
                "reference": "d6f9b520a001d60f13d09d7c5370ed24b67f7c7f"
            },
            "dist": {
                "type": "tar",
                "url": "https://api.github.com/repos/sebastianbergmann/phpunit/tarball/d6f9b520a001d60f13d09d7c5370ed24b67f7c7f",
                "reference": "d6f9b520a001d60f13d09d7c5370ed24b67f7c7f"
            },
            "autoload": {
                "psr-4": {
                    "PHPUnit\\": "src/"
                }
            },
            "dev": true
        },
        {
            "name": "monolog/monolog",
            "version": "2.3.0",
            "source": {
                "type": "git",
                "url": "https://github.com/Seldaek/monolog.git",
                "reference": "2c22a6979ab79f717c01b19114fa42de4fe92a5c"
            }
        }
    ],
    "packages-dev": [],
    "devDependencies": {
        "phpunit/phpunit": "9.5.10"
    },
    "config": {
        "platform": {
            "php": "8.0.0"
        }
    },
    "minimum-stability": "stable",
    "prefer-stable": true
}

